
Microsoft Visual Studio Solution File, Format Version 12.00
# Visual Studio Version 17
VisualStudioVersion = 17.7.34009.444
MinimumVisualStudioVersion = 10.0.40219.1
Project("{FAE04EC0-301F-11D3-BF4B-00C04F79EFBC}") = "ASP.NET MVC - C# Portfolio", "ASP.NET MVC - C# Portfolio\ASP.NET MVC - C# Portfolio.csproj", "{A79431B1-1A32-424E-BB0D-25BF4DE0205E}"
EndProject
Global
	GlobalSection(SolutionConfigurationPlatforms) = preSolution
		Debug|Any CPU = Debug|Any CPU
		Release|Any CPU = Release|Any CPU
	EndGlobalSection
	GlobalSection(ProjectConfigurationPlatforms) = postSolution
		{A79431B1-1A32-424E-BB0D-25BF4DE0205E}.Debug|Any CPU.ActiveCfg = Debug|Any CPU
		{A79431B1-1A32-424E-BB0D-25BF4DE0205E}.Debug|Any CPU.Build.0 = Debug|Any CPU
		{A79431B1-1A32-424E-BB0D-25BF4DE0205E}.Release|Any CPU.ActiveCfg = Release|Any CPU
		{A79431B1-1A32-424E-BB0D-25BF4DE0205E}.Release|Any CPU.Build.0 = Release|Any CPU
	EndGlobalSection
	GlobalSection(SolutionProperties) = preSolution
		HideSolutionNode = FALSE
	EndGlobalSection
	GlobalSection(ExtensibilityGlobals) = postSolution
		SolutionGuid = {37E28C7A-4B9A-417B-895A-0621EC3333E9}
	EndGlobalSection
EndGlobal
